// !$*UTF8*$!
{
	archiveVersion = 1;
	classes = {
	};
	objectVersion = 46;
	objects = {

/* Begin PBXBuildFile section */
		222B898F1DC7325B0056861C /* AngelFit.framework in Frameworks */ = {isa = PBXBuildFile; fileRef = 222B89851DC7325B0056861C /* AngelFit.framework */; };
		222B89941DC7325B0056861C /* AngelFitTests.swift in Sources */ = {isa = PBXBuildFile; fileRef = 222B89931DC7325B0056861C /* AngelFitTests.swift */; };
		222B89961DC7325B0056861C /* AngelFit.h in Headers */ = {isa = PBXBuildFile; fileRef = 222B89881DC7325B0056861C /* AngelFit.h */; settings = {ATTRIBUTES = (Public, ); }; };
		222B89A11DC732C80056861C /* GodManager.swift in Sources */ = {isa = PBXBuildFile; fileRef = 222B89A01DC732C80056861C /* GodManager.swift */; };
		222B89A31DC735B70056861C /* UUIDConfigure.swift in Sources */ = {isa = PBXBuildFile; fileRef = 222B89A21DC735B70056861C /* UUIDConfigure.swift */; };
		222E7D731DC87A55001BA04A /* PeripheralManager.swift in Sources */ = {isa = PBXBuildFile; fileRef = 222E7D721DC87A55001BA04A /* PeripheralManager.swift */; };
		222E7D781DC88AA7001BA04A /* ViewController+Extension.swift in Sources */ = {isa = PBXBuildFile; fileRef = 222E7D771DC88AA7001BA04A /* ViewController+Extension.swift */; };
		2292C3E61DC83C0B00B7472E /* GodManager.swift in Headers */ = {isa = PBXBuildFile; fileRef = 222B89A01DC732C80056861C /* GodManager.swift */; settings = {ATTRIBUTES = (Public, ); }; };
		32C103371DC9741D0001D415 /* BindingPeripherals.plist in Resources */ = {isa = PBXBuildFile; fileRef = 32C103361DC9741D0001D415 /* BindingPeripherals.plist */; };
		32C103391DC974410001D415 /* GodFS.swift in Sources */ = {isa = PBXBuildFile; fileRef = 32C103381DC974410001D415 /* GodFS.swift */; };
		32C1033D1DC988130001D415 /* Model.xcdatamodeld in Sources */ = {isa = PBXBuildFile; fileRef = 32C1033B1DC988130001D415 /* Model.xcdatamodeld */; };
		BE1F53971DC84FC500EAD9BA /* Time.swift in Sources */ = {isa = PBXBuildFile; fileRef = BE1F53961DC84FC500EAD9BA /* Time.swift */; };
		BEF78B901DC9E2A000A2D528 /* CoreDataConfigure.swift in Sources */ = {isa = PBXBuildFile; fileRef = BEF78B8F1DC9E2A000A2D528 /* CoreDataConfigure.swift */; };
		BEF78B921DC9E4CA00A2D528 /* CoreDataHandler.swift in Sources */ = {isa = PBXBuildFile; fileRef = BEF78B911DC9E4CA00A2D528 /* CoreDataHandler.swift */; };
		BEF78BD71DCB45B800A2D528 /* Device+CoreDataClass.swift in Sources */ = {isa = PBXBuildFile; fileRef = BEF78BD51DCB45B800A2D528 /* Device+CoreDataClass.swift */; };
		BEF78BD81DCB45B800A2D528 /* Device+CoreDataProperties.swift in Sources */ = {isa = PBXBuildFile; fileRef = BEF78BD61DCB45B800A2D528 /* Device+CoreDataProperties.swift */; };
		BEF78BF31DCB45E100A2D528 /* HeartRateData+CoreDataClass.swift in Sources */ = {isa = PBXBuildFile; fileRef = BEF78BD91DCB45E100A2D528 /* HeartRateData+CoreDataClass.swift */; };
		BEF78BF41DCB45E100A2D528 /* HeartRateData+CoreDataProperties.swift in Sources */ = {isa = PBXBuildFile; fileRef = BEF78BDA1DCB45E100A2D528 /* HeartRateData+CoreDataProperties.swift */; };
		BEF78BF51DCB45E100A2D528 /* SportItem+CoreDataClass.swift in Sources */ = {isa = PBXBuildFile; fileRef = BEF78BDB1DCB45E100A2D528 /* SportItem+CoreDataClass.swift */; };
		BEF78BF61DCB45E100A2D528 /* SportItem+CoreDataProperties.swift in Sources */ = {isa = PBXBuildFile; fileRef = BEF78BDC1DCB45E100A2D528 /* SportItem+CoreDataProperties.swift */; };
		BEF78BF71DCB45E100A2D528 /* SleepData+CoreDataClass.swift in Sources */ = {isa = PBXBuildFile; fileRef = BEF78BDD1DCB45E100A2D528 /* SleepData+CoreDataClass.swift */; };
		BEF78BF81DCB45E100A2D528 /* SleepData+CoreDataProperties.swift in Sources */ = {isa = PBXBuildFile; fileRef = BEF78BDE1DCB45E100A2D528 /* SleepData+CoreDataProperties.swift */; };
		BEF78BF91DCB45E100A2D528 /* User+CoreDataClass.swift in Sources */ = {isa = PBXBuildFile; fileRef = BEF78BDF1DCB45E100A2D528 /* User+CoreDataClass.swift */; };
		BEF78BFA1DCB45E100A2D528 /* User+CoreDataProperties.swift in Sources */ = {isa = PBXBuildFile; fileRef = BEF78BE01DCB45E100A2D528 /* User+CoreDataProperties.swift */; };
		BEF78BFB1DCB45E100A2D528 /* HeartRateItem+CoreDataClass.swift in Sources */ = {isa = PBXBuildFile; fileRef = BEF78BE11DCB45E100A2D528 /* HeartRateItem+CoreDataClass.swift */; };
		BEF78BFC1DCB45E100A2D528 /* HeartRateItem+CoreDataProperties.swift in Sources */ = {isa = PBXBuildFile; fileRef = BEF78BE21DCB45E100A2D528 /* HeartRateItem+CoreDataProperties.swift */; };
		BEF78BFD1DCB45E100A2D528 /* SportData+CoreDataClass.swift in Sources */ = {isa = PBXBuildFile; fileRef = BEF78BE31DCB45E100A2D528 /* SportData+CoreDataClass.swift */; };
		BEF78BFE1DCB45E100A2D528 /* SportData+CoreDataProperties.swift in Sources */ = {isa = PBXBuildFile; fileRef = BEF78BE41DCB45E100A2D528 /* SportData+CoreDataProperties.swift */; };
		BEF78BFF1DCB45E100A2D528 /* SleepItem+CoreDataClass.swift in Sources */ = {isa = PBXBuildFile; fileRef = BEF78BE51DCB45E100A2D528 /* SleepItem+CoreDataClass.swift */; };
		BEF78C001DCB45E100A2D528 /* SleepItem+CoreDataProperties.swift in Sources */ = {isa = PBXBuildFile; fileRef = BEF78BE61DCB45E100A2D528 /* SleepItem+CoreDataProperties.swift */; };
		BEF78C011DCB45E100A2D528 /* LongSit+CoreDataClass.swift in Sources */ = {isa = PBXBuildFile; fileRef = BEF78BE71DCB45E100A2D528 /* LongSit+CoreDataClass.swift */; };
		BEF78C021DCB45E100A2D528 /* LongSit+CoreDataProperties.swift in Sources */ = {isa = PBXBuildFile; fileRef = BEF78BE81DCB45E100A2D528 /* LongSit+CoreDataProperties.swift */; };
		BEF78C031DCB45E100A2D528 /* Unit+CoreDataClass.swift in Sources */ = {isa = PBXBuildFile; fileRef = BEF78BE91DCB45E100A2D528 /* Unit+CoreDataClass.swift */; };
		BEF78C041DCB45E100A2D528 /* Unit+CoreDataProperties.swift in Sources */ = {isa = PBXBuildFile; fileRef = BEF78BEA1DCB45E100A2D528 /* Unit+CoreDataProperties.swift */; };
		BEF78C051DCB45E100A2D528 /* HandGesture+CoreDataClass.swift in Sources */ = {isa = PBXBuildFile; fileRef = BEF78BEB1DCB45E100A2D528 /* HandGesture+CoreDataClass.swift */; };
		BEF78C061DCB45E100A2D528 /* HandGesture+CoreDataProperties.swift in Sources */ = {isa = PBXBuildFile; fileRef = BEF78BEC1DCB45E100A2D528 /* HandGesture+CoreDataProperties.swift */; };
		BEF78C071DCB45E100A2D528 /* Alarm+CoreDataClass.swift in Sources */ = {isa = PBXBuildFile; fileRef = BEF78BED1DCB45E100A2D528 /* Alarm+CoreDataClass.swift */; };
		BEF78C081DCB45E100A2D528 /* Alarm+CoreDataProperties.swift in Sources */ = {isa = PBXBuildFile; fileRef = BEF78BEE1DCB45E100A2D528 /* Alarm+CoreDataProperties.swift */; };
		BEF78C091DCB45E100A2D528 /* Notice+CoreDataClass.swift in Sources */ = {isa = PBXBuildFile; fileRef = BEF78BEF1DCB45E100A2D528 /* Notice+CoreDataClass.swift */; };
		BEF78C0A1DCB45E100A2D528 /* Notice+CoreDataProperties.swift in Sources */ = {isa = PBXBuildFile; fileRef = BEF78BF01DCB45E100A2D528 /* Notice+CoreDataProperties.swift */; };
		BEF78C0B1DCB45E100A2D528 /* LostFind+CoreDataClass.swift in Sources */ = {isa = PBXBuildFile; fileRef = BEF78BF11DCB45E100A2D528 /* LostFind+CoreDataClass.swift */; };
		BEF78C0C1DCB45E100A2D528 /* LostFind+CoreDataProperties.swift in Sources */ = {isa = PBXBuildFile; fileRef = BEF78BF21DCB45E100A2D528 /* LostFind+CoreDataProperties.swift */; };
/* End PBXBuildFile section */

/* Begin PBXContainerItemProxy section */
		222B89901DC7325B0056861C /* PBXContainerItemProxy */ = {
			isa = PBXContainerItemProxy;
			containerPortal = 222B897C1DC7325B0056861C /* Project object */;
			proxyType = 1;
			remoteGlobalIDString = 222B89841DC7325B0056861C;
			remoteInfo = AngelFit;
		};
/* End PBXContainerItemProxy section */

/* Begin PBXFileReference section */
		222B89851DC7325B0056861C /* AngelFit.framework */ = {isa = PBXFileReference; explicitFileType = wrapper.framework; includeInIndex = 0; path = AngelFit.framework; sourceTree = BUILT_PRODUCTS_DIR; };
		222B89881DC7325B0056861C /* AngelFit.h */ = {isa = PBXFileReference; lastKnownFileType = sourcecode.c.h; path = AngelFit.h; sourceTree = "<group>"; };
		222B89891DC7325B0056861C /* Info.plist */ = {isa = PBXFileReference; lastKnownFileType = text.plist.xml; path = Info.plist; sourceTree = "<group>"; };
		222B898E1DC7325B0056861C /* AngelFitTests.xctest */ = {isa = PBXFileReference; explicitFileType = wrapper.cfbundle; includeInIndex = 0; path = AngelFitTests.xctest; sourceTree = BUILT_PRODUCTS_DIR; };
		222B89931DC7325B0056861C /* AngelFitTests.swift */ = {isa = PBXFileReference; lastKnownFileType = sourcecode.swift; path = AngelFitTests.swift; sourceTree = "<group>"; };
		222B89951DC7325B0056861C /* Info.plist */ = {isa = PBXFileReference; lastKnownFileType = text.plist.xml; path = Info.plist; sourceTree = "<group>"; };
		222B89A01DC732C80056861C /* GodManager.swift */ = {isa = PBXFileReference; fileEncoding = 4; lastKnownFileType = sourcecode.swift; path = GodManager.swift; sourceTree = "<group>"; };
		222B89A21DC735B70056861C /* UUIDConfigure.swift */ = {isa = PBXFileReference; fileEncoding = 4; lastKnownFileType = sourcecode.swift; path = UUIDConfigure.swift; sourceTree = "<group>"; };
		222E7D721DC87A55001BA04A /* PeripheralManager.swift */ = {isa = PBXFileReference; fileEncoding = 4; lastKnownFileType = sourcecode.swift; path = PeripheralManager.swift; sourceTree = "<group>"; };
		222E7D771DC88AA7001BA04A /* ViewController+Extension.swift */ = {isa = PBXFileReference; fileEncoding = 4; lastKnownFileType = sourcecode.swift; path = "ViewController+Extension.swift"; sourceTree = "<group>"; };
		32C103361DC9741D0001D415 /* BindingPeripherals.plist */ = {isa = PBXFileReference; fileEncoding = 4; lastKnownFileType = text.plist.xml; path = BindingPeripherals.plist; sourceTree = "<group>"; };
		32C103381DC974410001D415 /* GodFS.swift */ = {isa = PBXFileReference; fileEncoding = 4; lastKnownFileType = sourcecode.swift; path = GodFS.swift; sourceTree = "<group>"; };
		32C1033C1DC988130001D415 /* Model.xcdatamodel */ = {isa = PBXFileReference; lastKnownFileType = wrapper.xcdatamodel; path = Model.xcdatamodel; sourceTree = "<group>"; };
		BE1F53961DC84FC500EAD9BA /* Time.swift */ = {isa = PBXFileReference; fileEncoding = 4; lastKnownFileType = sourcecode.swift; path = Time.swift; sourceTree = "<group>"; };
		BEF78B8F1DC9E2A000A2D528 /* CoreDataConfigure.swift */ = {isa = PBXFileReference; fileEncoding = 4; lastKnownFileType = sourcecode.swift; path = CoreDataConfigure.swift; sourceTree = "<group>"; };
		BEF78B911DC9E4CA00A2D528 /* CoreDataHandler.swift */ = {isa = PBXFileReference; fileEncoding = 4; lastKnownFileType = sourcecode.swift; path = CoreDataHandler.swift; sourceTree = "<group>"; };
		BEF78BD51DCB45B800A2D528 /* Device+CoreDataClass.swift */ = {isa = PBXFileReference; fileEncoding = 4; lastKnownFileType = sourcecode.swift; name = "Device+CoreDataClass.swift"; path = "coredata/Device+CoreDataClass.swift"; sourceTree = "<group>"; };
		BEF78BD61DCB45B800A2D528 /* Device+CoreDataProperties.swift */ = {isa = PBXFileReference; fileEncoding = 4; lastKnownFileType = sourcecode.swift; name = "Device+CoreDataProperties.swift"; path = "coredata/Device+CoreDataProperties.swift"; sourceTree = "<group>"; };
		BEF78BD91DCB45E100A2D528 /* HeartRateData+CoreDataClass.swift */ = {isa = PBXFileReference; fileEncoding = 4; lastKnownFileType = sourcecode.swift; name = "HeartRateData+CoreDataClass.swift"; path = "coredata/HeartRateData+CoreDataClass.swift"; sourceTree = "<group>"; };
		BEF78BDA1DCB45E100A2D528 /* HeartRateData+CoreDataProperties.swift */ = {isa = PBXFileReference; fileEncoding = 4; lastKnownFileType = sourcecode.swift; name = "HeartRateData+CoreDataProperties.swift"; path = "coredata/HeartRateData+CoreDataProperties.swift"; sourceTree = "<group>"; };
		BEF78BDB1DCB45E100A2D528 /* SportItem+CoreDataClass.swift */ = {isa = PBXFileReference; fileEncoding = 4; lastKnownFileType = sourcecode.swift; name = "SportItem+CoreDataClass.swift"; path = "coredata/SportItem+CoreDataClass.swift"; sourceTree = "<group>"; };
		BEF78BDC1DCB45E100A2D528 /* SportItem+CoreDataProperties.swift */ = {isa = PBXFileReference; fileEncoding = 4; lastKnownFileType = sourcecode.swift; name = "SportItem+CoreDataProperties.swift"; path = "coredata/SportItem+CoreDataProperties.swift"; sourceTree = "<group>"; };
		BEF78BDD1DCB45E100A2D528 /* SleepData+CoreDataClass.swift */ = {isa = PBXFileReference; fileEncoding = 4; lastKnownFileType = sourcecode.swift; name = "SleepData+CoreDataClass.swift"; path = "coredata/SleepData+CoreDataClass.swift"; sourceTree = "<group>"; };
		BEF78BDE1DCB45E100A2D528 /* SleepData+CoreDataProperties.swift */ = {isa = PBXFileReference; fileEncoding = 4; lastKnownFileType = sourcecode.swift; name = "SleepData+CoreDataProperties.swift"; path = "coredata/SleepData+CoreDataProperties.swift"; sourceTree = "<group>"; };
		BEF78BDF1DCB45E100A2D528 /* User+CoreDataClass.swift */ = {isa = PBXFileReference; fileEncoding = 4; lastKnownFileType = sourcecode.swift; name = "User+CoreDataClass.swift"; path = "coredata/User+CoreDataClass.swift"; sourceTree = "<group>"; };
		BEF78BE01DCB45E100A2D528 /* User+CoreDataProperties.swift */ = {isa = PBXFileReference; fileEncoding = 4; lastKnownFileType = sourcecode.swift; name = "User+CoreDataProperties.swift"; path = "coredata/User+CoreDataProperties.swift"; sourceTree = "<group>"; };
		BEF78BE11DCB45E100A2D528 /* HeartRateItem+CoreDataClass.swift */ = {isa = PBXFileReference; fileEncoding = 4; lastKnownFileType = sourcecode.swift; name = "HeartRateItem+CoreDataClass.swift"; path = "coredata/HeartRateItem+CoreDataClass.swift"; sourceTree = "<group>"; };
		BEF78BE21DCB45E100A2D528 /* HeartRateItem+CoreDataProperties.swift */ = {isa = PBXFileReference; fileEncoding = 4; lastKnownFileType = sourcecode.swift; name = "HeartRateItem+CoreDataProperties.swift"; path = "coredata/HeartRateItem+CoreDataProperties.swift"; sourceTree = "<group>"; };
		BEF78BE31DCB45E100A2D528 /* SportData+CoreDataClass.swift */ = {isa = PBXFileReference; fileEncoding = 4; lastKnownFileType = sourcecode.swift; name = "SportData+CoreDataClass.swift"; path = "coredata/SportData+CoreDataClass.swift"; sourceTree = "<group>"; };
		BEF78BE41DCB45E100A2D528 /* SportData+CoreDataProperties.swift */ = {isa = PBXFileReference; fileEncoding = 4; lastKnownFileType = sourcecode.swift; name = "SportData+CoreDataProperties.swift"; path = "coredata/SportData+CoreDataProperties.swift"; sourceTree = "<group>"; };
		BEF78BE51DCB45E100A2D528 /* SleepItem+CoreDataClass.swift */ = {isa = PBXFileReference; fileEncoding = 4; lastKnownFileType = sourcecode.swift; name = "SleepItem+CoreDataClass.swift"; path = "coredata/SleepItem+CoreDataClass.swift"; sourceTree = "<group>"; };
		BEF78BE61DCB45E100A2D528 /* SleepItem+CoreDataProperties.swift */ = {isa = PBXFileReference; fileEncoding = 4; lastKnownFileType = sourcecode.swift; name = "SleepItem+CoreDataProperties.swift"; path = "coredata/SleepItem+CoreDataProperties.swift"; sourceTree = "<group>"; };
		BEF78BE71DCB45E100A2D528 /* LongSit+CoreDataClass.swift */ = {isa = PBXFileReference; fileEncoding = 4; lastKnownFileType = sourcecode.swift; name = "LongSit+CoreDataClass.swift"; path = "coredata/LongSit+CoreDataClass.swift"; sourceTree = "<group>"; };
		BEF78BE81DCB45E100A2D528 /* LongSit+CoreDataProperties.swift */ = {isa = PBXFileReference; fileEncoding = 4; lastKnownFileType = sourcecode.swift; name = "LongSit+CoreDataProperties.swift"; path = "coredata/LongSit+CoreDataProperties.swift"; sourceTree = "<group>"; };
		BEF78BE91DCB45E100A2D528 /* Unit+CoreDataClass.swift */ = {isa = PBXFileReference; fileEncoding = 4; lastKnownFileType = sourcecode.swift; name = "Unit+CoreDataClass.swift"; path = "coredata/Unit+CoreDataClass.swift"; sourceTree = "<group>"; };
		BEF78BEA1DCB45E100A2D528 /* Unit+CoreDataProperties.swift */ = {isa = PBXFileReference; fileEncoding = 4; lastKnownFileType = sourcecode.swift; name = "Unit+CoreDataProperties.swift"; path = "coredata/Unit+CoreDataProperties.swift"; sourceTree = "<group>"; };
		BEF78BEB1DCB45E100A2D528 /* HandGesture+CoreDataClass.swift */ = {isa = PBXFileReference; fileEncoding = 4; lastKnownFileType = sourcecode.swift; name = "HandGesture+CoreDataClass.swift"; path = "coredata/HandGesture+CoreDataClass.swift"; sourceTree = "<group>"; };
		BEF78BEC1DCB45E100A2D528 /* HandGesture+CoreDataProperties.swift */ = {isa = PBXFileReference; fileEncoding = 4; lastKnownFileType = sourcecode.swift; name = "HandGesture+CoreDataProperties.swift"; path = "coredata/HandGesture+CoreDataProperties.swift"; sourceTree = "<group>"; };
		BEF78BED1DCB45E100A2D528 /* Alarm+CoreDataClass.swift */ = {isa = PBXFileReference; fileEncoding = 4; lastKnownFileType = sourcecode.swift; name = "Alarm+CoreDataClass.swift"; path = "coredata/Alarm+CoreDataClass.swift"; sourceTree = "<group>"; };
		BEF78BEE1DCB45E100A2D528 /* Alarm+CoreDataProperties.swift */ = {isa = PBXFileReference; fileEncoding = 4; lastKnownFileType = sourcecode.swift; name = "Alarm+CoreDataProperties.swift"; path = "coredata/Alarm+CoreDataProperties.swift"; sourceTree = "<group>"; };
		BEF78BEF1DCB45E100A2D528 /* Notice+CoreDataClass.swift */ = {isa = PBXFileReference; fileEncoding = 4; lastKnownFileType = sourcecode.swift; name = "Notice+CoreDataClass.swift"; path = "coredata/Notice+CoreDataClass.swift"; sourceTree = "<group>"; };
		BEF78BF01DCB45E100A2D528 /* Notice+CoreDataProperties.swift */ = {isa = PBXFileReference; fileEncoding = 4; lastKnownFileType = sourcecode.swift; name = "Notice+CoreDataProperties.swift"; path = "coredata/Notice+CoreDataProperties.swift"; sourceTree = "<group>"; };
		BEF78BF11DCB45E100A2D528 /* LostFind+CoreDataClass.swift */ = {isa = PBXFileReference; fileEncoding = 4; lastKnownFileType = sourcecode.swift; name = "LostFind+CoreDataClass.swift"; path = "coredata/LostFind+CoreDataClass.swift"; sourceTree = "<group>"; };
		BEF78BF21DCB45E100A2D528 /* LostFind+CoreDataProperties.swift */ = {isa = PBXFileReference; fileEncoding = 4; lastKnownFileType = sourcecode.swift; name = "LostFind+CoreDataProperties.swift"; path = "coredata/LostFind+CoreDataProperties.swift"; sourceTree = "<group>"; };
/* End PBXFileReference section */

/* Begin PBXFrameworksBuildPhase section */
		222B89811DC7325B0056861C /* Frameworks */ = {
			isa = PBXFrameworksBuildPhase;
			buildActionMask = 2147483647;
			files = (
			);
			runOnlyForDeploymentPostprocessing = 0;
		};
		222B898B1DC7325B0056861C /* Frameworks */ = {
			isa = PBXFrameworksBuildPhase;
			buildActionMask = 2147483647;
			files = (
				222B898F1DC7325B0056861C /* AngelFit.framework in Frameworks */,
			);
			runOnlyForDeploymentPostprocessing = 0;
		};
/* End PBXFrameworksBuildPhase section */

/* Begin PBXGroup section */
		222B897B1DC7325B0056861C = {
			isa = PBXGroup;
			children = (
				222B89871DC7325B0056861C /* AngelFit */,
				222B89921DC7325B0056861C /* AngelFitTests */,
				222B89861DC7325B0056861C /* Products */,
			);
			sourceTree = "<group>";
		};
		222B89861DC7325B0056861C /* Products */ = {
			isa = PBXGroup;
			children = (
				222B89851DC7325B0056861C /* AngelFit.framework */,
				222B898E1DC7325B0056861C /* AngelFitTests.xctest */,
			);
			name = Products;
			sourceTree = "<group>";
		};
		222B89871DC7325B0056861C /* AngelFit */ = {
			isa = PBXGroup;
			children = (
				222B899F1DC732AC0056861C /* BleModule */,
				222E7D741DC88A44001BA04A /* Extentsion */,
				BE1F53951DC84FA800EAD9BA /* SupportingFiles */,
				32C103351DC973D80001D415 /* fs */,
				32C1033A1DC987CC0001D415 /* coredata */,
				222B89881DC7325B0056861C /* AngelFit.h */,
				222B89891DC7325B0056861C /* Info.plist */,
			);
			path = AngelFit;
			sourceTree = "<group>";
		};
		222B89921DC7325B0056861C /* AngelFitTests */ = {
			isa = PBXGroup;
			children = (
				222B89931DC7325B0056861C /* AngelFitTests.swift */,
				222B89951DC7325B0056861C /* Info.plist */,
			);
			path = AngelFitTests;
			sourceTree = "<group>";
		};
		222B899F1DC732AC0056861C /* BleModule */ = {
			isa = PBXGroup;
			children = (
				222B89A01DC732C80056861C /* GodManager.swift */,
				222B89A21DC735B70056861C /* UUIDConfigure.swift */,
			);
			name = BleModule;
			sourceTree = "<group>";
		};
		222E7D741DC88A44001BA04A /* Extentsion */ = {
			isa = PBXGroup;
			children = (
				222E7D771DC88AA7001BA04A /* ViewController+Extension.swift */,
			);
			name = Extentsion;
			sourceTree = "<group>";
		};
		32C103351DC973D80001D415 /* fs */ = {
			isa = PBXGroup;
			children = (
				32C103381DC974410001D415 /* GodFS.swift */,
				32C103361DC9741D0001D415 /* BindingPeripherals.plist */,
			);
			name = fs;
			sourceTree = "<group>";
		};
		32C1033A1DC987CC0001D415 /* coredata */ = {
			isa = PBXGroup;
			children = (
				BEF78BD91DCB45E100A2D528 /* HeartRateData+CoreDataClass.swift */,
				BEF78BDA1DCB45E100A2D528 /* HeartRateData+CoreDataProperties.swift */,
				BEF78BDB1DCB45E100A2D528 /* SportItem+CoreDataClass.swift */,
				BEF78BDC1DCB45E100A2D528 /* SportItem+CoreDataProperties.swift */,
				BEF78BDD1DCB45E100A2D528 /* SleepData+CoreDataClass.swift */,
				BEF78BDE1DCB45E100A2D528 /* SleepData+CoreDataProperties.swift */,
				BEF78BDF1DCB45E100A2D528 /* User+CoreDataClass.swift */,
				BEF78BE01DCB45E100A2D528 /* User+CoreDataProperties.swift */,
				BEF78BE11DCB45E100A2D528 /* HeartRateItem+CoreDataClass.swift */,
				BEF78BE21DCB45E100A2D528 /* HeartRateItem+CoreDataProperties.swift */,
				BEF78BE31DCB45E100A2D528 /* SportData+CoreDataClass.swift */,
				BEF78BE41DCB45E100A2D528 /* SportData+CoreDataProperties.swift */,
				BEF78BE51DCB45E100A2D528 /* SleepItem+CoreDataClass.swift */,
				BEF78BE61DCB45E100A2D528 /* SleepItem+CoreDataProperties.swift */,
				BEF78BE71DCB45E100A2D528 /* LongSit+CoreDataClass.swift */,
				BEF78BE81DCB45E100A2D528 /* LongSit+CoreDataProperties.swift */,
				BEF78BE91DCB45E100A2D528 /* Unit+CoreDataClass.swift */,
				BEF78BEA1DCB45E100A2D528 /* Unit+CoreDataProperties.swift */,
				BEF78BEB1DCB45E100A2D528 /* HandGesture+CoreDataClass.swift */,
				BEF78BEC1DCB45E100A2D528 /* HandGesture+CoreDataProperties.swift */,
				BEF78BED1DCB45E100A2D528 /* Alarm+CoreDataClass.swift */,
				BEF78BEE1DCB45E100A2D528 /* Alarm+CoreDataProperties.swift */,
				BEF78BEF1DCB45E100A2D528 /* Notice+CoreDataClass.swift */,
				BEF78BF01DCB45E100A2D528 /* Notice+CoreDataProperties.swift */,
				BEF78BF11DCB45E100A2D528 /* LostFind+CoreDataClass.swift */,
				BEF78BF21DCB45E100A2D528 /* LostFind+CoreDataProperties.swift */,
				BEF78BD51DCB45B800A2D528 /* Device+CoreDataClass.swift */,
				BEF78BD61DCB45B800A2D528 /* Device+CoreDataProperties.swift */,
				32C1033B1DC988130001D415 /* Model.xcdatamodeld */,
				BEF78B8F1DC9E2A000A2D528 /* CoreDataConfigure.swift */,
				BEF78B911DC9E4CA00A2D528 /* CoreDataHandler.swift */,
			);
			name = coredata;
			sourceTree = "<group>";
		};
		BE1F53951DC84FA800EAD9BA /* SupportingFiles */ = {
			isa = PBXGroup;
			children = (
				BE1F53961DC84FC500EAD9BA /* Time.swift */,
				222E7D721DC87A55001BA04A /* PeripheralManager.swift */,
			);
			name = SupportingFiles;
			sourceTree = "<group>";
		};
/* End PBXGroup section */

/* Begin PBXHeadersBuildPhase section */
		222B89821DC7325B0056861C /* Headers */ = {
			isa = PBXHeadersBuildPhase;
			buildActionMask = 2147483647;
			files = (
				222B89961DC7325B0056861C /* AngelFit.h in Headers */,
				2292C3E61DC83C0B00B7472E /* GodManager.swift in Headers */,
			);
			runOnlyForDeploymentPostprocessing = 0;
		};
/* End PBXHeadersBuildPhase section */

/* Begin PBXNativeTarget section */
		222B89841DC7325B0056861C /* AngelFit */ = {
			isa = PBXNativeTarget;
			buildConfigurationList = 222B89991DC7325B0056861C /* Build configuration list for PBXNativeTarget "AngelFit" */;
			buildPhases = (
				222B89801DC7325B0056861C /* Sources */,
				222B89811DC7325B0056861C /* Frameworks */,
				222B89821DC7325B0056861C /* Headers */,
				222B89831DC7325B0056861C /* Resources */,
			);
			buildRules = (
			);
			dependencies = (
			);
			name = AngelFit;
			productName = AngelFit;
			productReference = 222B89851DC7325B0056861C /* AngelFit.framework */;
			productType = "com.apple.product-type.framework";
		};
		222B898D1DC7325B0056861C /* AngelFitTests */ = {
			isa = PBXNativeTarget;
			buildConfigurationList = 222B899C1DC7325B0056861C /* Build configuration list for PBXNativeTarget "AngelFitTests" */;
			buildPhases = (
				222B898A1DC7325B0056861C /* Sources */,
				222B898B1DC7325B0056861C /* Frameworks */,
				222B898C1DC7325B0056861C /* Resources */,
			);
			buildRules = (
			);
			dependencies = (
				222B89911DC7325B0056861C /* PBXTargetDependency */,
			);
			name = AngelFitTests;
			productName = AngelFitTests;
			productReference = 222B898E1DC7325B0056861C /* AngelFitTests.xctest */;
			productType = "com.apple.product-type.bundle.unit-test";
		};
/* End PBXNativeTarget section */

/* Begin PBXProject section */
		222B897C1DC7325B0056861C /* Project object */ = {
			isa = PBXProject;
			attributes = {
				LastSwiftUpdateCheck = 0810;
				LastUpgradeCheck = 0810;
				ORGANIZATIONNAME = aiju_huangjing1;
				TargetAttributes = {
					222B89841DC7325B0056861C = {
						CreatedOnToolsVersion = 8.1;
						DevelopmentTeam = NWGF84NL9Q;
						LastSwiftMigration = 0810;
						ProvisioningStyle = Automatic;
					};
					222B898D1DC7325B0056861C = {
						CreatedOnToolsVersion = 8.1;
						DevelopmentTeam = T65EE75V48;
						ProvisioningStyle = Automatic;
					};
				};
			};
			buildConfigurationList = 222B897F1DC7325B0056861C /* Build configuration list for PBXProject "AngelFit" */;
			compatibilityVersion = "Xcode 3.2";
			developmentRegion = English;
			hasScannedForEncodings = 0;
			knownRegions = (
				en,
			);
			mainGroup = 222B897B1DC7325B0056861C;
			productRefGroup = 222B89861DC7325B0056861C /* Products */;
			projectDirPath = "";
			projectRoot = "";
			targets = (
				222B89841DC7325B0056861C /* AngelFit */,
				222B898D1DC7325B0056861C /* AngelFitTests */,
			);
		};
/* End PBXProject section */

/* Begin PBXResourcesBuildPhase section */
		222B89831DC7325B0056861C /* Resources */ = {
			isa = PBXResourcesBuildPhase;
			buildActionMask = 2147483647;
			files = (
				32C103371DC9741D0001D415 /* BindingPeripherals.plist in Resources */,
			);
			runOnlyForDeploymentPostprocessing = 0;
		};
		222B898C1DC7325B0056861C /* Resources */ = {
			isa = PBXResourcesBuildPhase;
			buildActionMask = 2147483647;
			files = (
			);
			runOnlyForDeploymentPostprocessing = 0;
		};
/* End PBXResourcesBuildPhase section */

/* Begin PBXSourcesBuildPhase section */
		222B89801DC7325B0056861C /* Sources */ = {
			isa = PBXSourcesBuildPhase;
			buildActionMask = 2147483647;
			files = (
				BEF78BFD1DCB45E100A2D528 /* SportData+CoreDataClass.swift in Sources */,
				222E7D731DC87A55001BA04A /* PeripheralManager.swift in Sources */,
				BEF78C0B1DCB45E100A2D528 /* LostFind+CoreDataClass.swift in Sources */,
				BEF78BD81DCB45B800A2D528 /* Device+CoreDataProperties.swift in Sources */,
				BEF78C031DCB45E100A2D528 /* Unit+CoreDataClass.swift in Sources */,
				BEF78B901DC9E2A000A2D528 /* CoreDataConfigure.swift in Sources */,
				BEF78C071DCB45E100A2D528 /* Alarm+CoreDataClass.swift in Sources */,
				BEF78C001DCB45E100A2D528 /* SleepItem+CoreDataProperties.swift in Sources */,
				BE1F53971DC84FC500EAD9BA /* Time.swift in Sources */,
				222B89A11DC732C80056861C /* GodManager.swift in Sources */,
				BEF78C041DCB45E100A2D528 /* Unit+CoreDataProperties.swift in Sources */,
				BEF78BFC1DCB45E100A2D528 /* HeartRateItem+CoreDataProperties.swift in Sources */,
				BEF78C021DCB45E100A2D528 /* LongSit+CoreDataProperties.swift in Sources */,
				BEF78C0C1DCB45E100A2D528 /* LostFind+CoreDataProperties.swift in Sources */,
				BEF78C011DCB45E100A2D528 /* LongSit+CoreDataClass.swift in Sources */,
				BEF78BF51DCB45E100A2D528 /* SportItem+CoreDataClass.swift in Sources */,
				BEF78B921DC9E4CA00A2D528 /* CoreDataHandler.swift in Sources */,
				BEF78BF31DCB45E100A2D528 /* HeartRateData+CoreDataClass.swift in Sources */,
				32C1033D1DC988130001D415 /* Model.xcdatamodeld in Sources */,
				222E7D781DC88AA7001BA04A /* ViewController+Extension.swift in Sources */,
				BEF78BFA1DCB45E100A2D528 /* User+CoreDataProperties.swift in Sources */,
				222B89A31DC735B70056861C /* UUIDConfigure.swift in Sources */,
				BEF78C081DCB45E100A2D528 /* Alarm+CoreDataProperties.swift in Sources */,
				BEF78BFE1DCB45E100A2D528 /* SportData+CoreDataProperties.swift in Sources */,
				BEF78BF61DCB45E100A2D528 /* SportItem+CoreDataProperties.swift in Sources */,
				BEF78C091DCB45E100A2D528 /* Notice+CoreDataClass.swift in Sources */,
				BEF78BFB1DCB45E100A2D528 /* HeartRateItem+CoreDataClass.swift in Sources */,
				BEF78BF81DCB45E100A2D528 /* SleepData+CoreDataProperties.swift in Sources */,
				BEF78BF41DCB45E100A2D528 /* HeartRateData+CoreDataProperties.swift in Sources */,
				BEF78BF91DCB45E100A2D528 /* User+CoreDataClass.swift in Sources */,
				BEF78BFF1DCB45E100A2D528 /* SleepItem+CoreDataClass.swift in Sources */,
				32C103391DC974410001D415 /* GodFS.swift in Sources */,
				BEF78C061DCB45E100A2D528 /* HandGesture+CoreDataProperties.swift in Sources */,
				BEF78C0A1DCB45E100A2D528 /* Notice+CoreDataProperties.swift in Sources */,
				BEF78BD71DCB45B800A2D528 /* Device+CoreDataClass.swift in Sources */,
				BEF78C051DCB45E100A2D528 /* HandGesture+CoreDataClass.swift in Sources */,
				BEF78BF71DCB45E100A2D528 /* SleepData+CoreDataClass.swift in Sources */,
			);
			runOnlyForDeploymentPostprocessing = 0;
		};
		222B898A1DC7325B0056861C /* Sources */ = {
			isa = PBXSourcesBuildPhase;
			buildActionMask = 2147483647;
			files = (
				222B89941DC7325B0056861C /* AngelFitTests.swift in Sources */,
			);
			runOnlyForDeploymentPostprocessing = 0;
		};
/* End PBXSourcesBuildPhase section */

/* Begin PBXTargetDependency section */
		222B89911DC7325B0056861C /* PBXTargetDependency */ = {
			isa = PBXTargetDependency;
			target = 222B89841DC7325B0056861C /* AngelFit */;
			targetProxy = 222B89901DC7325B0056861C /* PBXContainerItemProxy */;
		};
/* End PBXTargetDependency section */

/* Begin XCBuildConfiguration section */
		222B89971DC7325B0056861C /* Debug */ = {
			isa = XCBuildConfiguration;
			buildSettings = {
				ALWAYS_SEARCH_USER_PATHS = NO;
				CLANG_ANALYZER_NONNULL = YES;
				CLANG_CXX_LANGUAGE_STANDARD = "gnu++0x";
				CLANG_CXX_LIBRARY = "libc++";
				CLANG_ENABLE_MODULES = YES;
				CLANG_ENABLE_OBJC_ARC = YES;
				CLANG_WARN_BOOL_CONVERSION = YES;
				CLANG_WARN_CONSTANT_CONVERSION = YES;
				CLANG_WARN_DIRECT_OBJC_ISA_USAGE = YES_ERROR;
				CLANG_WARN_DOCUMENTATION_COMMENTS = YES;
				CLANG_WARN_EMPTY_BODY = YES;
				CLANG_WARN_ENUM_CONVERSION = YES;
				CLANG_WARN_INFINITE_RECURSION = YES;
				CLANG_WARN_INT_CONVERSION = YES;
				CLANG_WARN_OBJC_ROOT_CLASS = YES_ERROR;
				CLANG_WARN_SUSPICIOUS_MOVES = YES;
				CLANG_WARN_UNREACHABLE_CODE = YES;
				CLANG_WARN__DUPLICATE_METHOD_MATCH = YES;
				"CODE_SIGN_IDENTITY[sdk=iphoneos*]" = "iPhone Developer";
				COPY_PHASE_STRIP = NO;
				CURRENT_PROJECT_VERSION = 1;
				DEBUG_INFORMATION_FORMAT = dwarf;
				ENABLE_STRICT_OBJC_MSGSEND = YES;
				ENABLE_TESTABILITY = YES;
				GCC_C_LANGUAGE_STANDARD = gnu99;
				GCC_DYNAMIC_NO_PIC = NO;
				GCC_NO_COMMON_BLOCKS = YES;
				GCC_OPTIMIZATION_LEVEL = 0;
				GCC_PREPROCESSOR_DEFINITIONS = (
					"DEBUG=1",
					"$(inherited)",
				);
				GCC_WARN_64_TO_32_BIT_CONVERSION = YES;
				GCC_WARN_ABOUT_RETURN_TYPE = YES_ERROR;
				GCC_WARN_UNDECLARED_SELECTOR = YES;
				GCC_WARN_UNINITIALIZED_AUTOS = YES_AGGRESSIVE;
				GCC_WARN_UNUSED_FUNCTION = YES;
				GCC_WARN_UNUSED_VARIABLE = YES;
				IPHONEOS_DEPLOYMENT_TARGET = 9.0;
				MTL_ENABLE_DEBUG_INFO = YES;
				ONLY_ACTIVE_ARCH = YES;
				SDKROOT = iphoneos;
				SWIFT_ACTIVE_COMPILATION_CONDITIONS = DEBUG;
				SWIFT_OPTIMIZATION_LEVEL = "-Onone";
				TARGETED_DEVICE_FAMILY = "1,2";
				VERSIONING_SYSTEM = "apple-generic";
				VERSION_INFO_PREFIX = "";
			};
			name = Debug;
		};
		222B89981DC7325B0056861C /* Release */ = {
			isa = XCBuildConfiguration;
			buildSettings = {
				ALWAYS_SEARCH_USER_PATHS = NO;
				CLANG_ANALYZER_NONNULL = YES;
				CLANG_CXX_LANGUAGE_STANDARD = "gnu++0x";
				CLANG_CXX_LIBRARY = "libc++";
				CLANG_ENABLE_MODULES = YES;
				CLANG_ENABLE_OBJC_ARC = YES;
				CLANG_WARN_BOOL_CONVERSION = YES;
				CLANG_WARN_CONSTANT_CONVERSION = YES;
				CLANG_WARN_DIRECT_OBJC_ISA_USAGE = YES_ERROR;
				CLANG_WARN_DOCUMENTATION_COMMENTS = YES;
				CLANG_WARN_EMPTY_BODY = YES;
				CLANG_WARN_ENUM_CONVERSION = YES;
				CLANG_WARN_INFINITE_RECURSION = YES;
				CLANG_WARN_INT_CONVERSION = YES;
				CLANG_WARN_OBJC_ROOT_CLASS = YES_ERROR;
				CLANG_WARN_SUSPICIOUS_MOVES = YES;
				CLANG_WARN_UNREACHABLE_CODE = YES;
				CLANG_WARN__DUPLICATE_METHOD_MATCH = YES;
				"CODE_SIGN_IDENTITY[sdk=iphoneos*]" = "iPhone Developer";
				COPY_PHASE_STRIP = NO;
				CURRENT_PROJECT_VERSION = 1;
				DEBUG_INFORMATION_FORMAT = "dwarf-with-dsym";
				ENABLE_NS_ASSERTIONS = NO;
				ENABLE_STRICT_OBJC_MSGSEND = YES;
				GCC_C_LANGUAGE_STANDARD = gnu99;
				GCC_NO_COMMON_BLOCKS = YES;
				GCC_WARN_64_TO_32_BIT_CONVERSION = YES;
				GCC_WARN_ABOUT_RETURN_TYPE = YES_ERROR;
				GCC_WARN_UNDECLARED_SELECTOR = YES;
				GCC_WARN_UNINITIALIZED_AUTOS = YES_AGGRESSIVE;
				GCC_WARN_UNUSED_FUNCTION = YES;
				GCC_WARN_UNUSED_VARIABLE = YES;
				IPHONEOS_DEPLOYMENT_TARGET = 9.0;
				MTL_ENABLE_DEBUG_INFO = NO;
				SDKROOT = iphoneos;
				SWIFT_OPTIMIZATION_LEVEL = "-Owholemodule";
				TARGETED_DEVICE_FAMILY = "1,2";
				VALIDATE_PRODUCT = YES;
				VERSIONING_SYSTEM = "apple-generic";
				VERSION_INFO_PREFIX = "";
			};
			name = Release;
		};
		222B899A1DC7325B0056861C /* Debug */ = {
			isa = XCBuildConfiguration;
			buildSettings = {
				CLANG_ENABLE_MODULES = YES;
				CODE_SIGN_IDENTITY = "";
				DEFINES_MODULE = YES;
				DEVELOPMENT_TEAM = NWGF84NL9Q;
				DYLIB_COMPATIBILITY_VERSION = 1;
				DYLIB_CURRENT_VERSION = 1;
				DYLIB_INSTALL_NAME_BASE = "@rpath";
				INFOPLIST_FILE = AngelFit/Info.plist;
				INSTALL_PATH = "$(LOCAL_LIBRARY_DIR)/Frameworks";
				IPHONEOS_DEPLOYMENT_TARGET = 9.0;
				LD_RUNPATH_SEARCH_PATHS = "$(inherited) @executable_path/Frameworks @loader_path/Frameworks";
				PRODUCT_BUNDLE_IDENTIFIER = NotificationTest.AngelFit;
				PRODUCT_NAME = "$(TARGET_NAME)";
				SKIP_INSTALL = YES;
				SWIFT_OPTIMIZATION_LEVEL = "-Onone";
				SWIFT_VERSION = 3.0;
			};
			name = Debug;
		};
		222B899B1DC7325B0056861C /* Release */ = {
			isa = XCBuildConfiguration;
			buildSettings = {
				CLANG_ENABLE_MODULES = YES;
				CODE_SIGN_IDENTITY = "";
				DEFINES_MODULE = YES;
				DEVELOPMENT_TEAM = NWGF84NL9Q;
				DYLIB_COMPATIBILITY_VERSION = 1;
				DYLIB_CURRENT_VERSION = 1;
				DYLIB_INSTALL_NAME_BASE = "@rpath";
				INFOPLIST_FILE = AngelFit/Info.plist;
				INSTALL_PATH = "$(LOCAL_LIBRARY_DIR)/Frameworks";
				IPHONEOS_DEPLOYMENT_TARGET = 9.0;
				LD_RUNPATH_SEARCH_PATHS = "$(inherited) @executable_path/Frameworks @loader_path/Frameworks";
				PRODUCT_BUNDLE_IDENTIFIER = NotificationTest.AngelFit;
				PRODUCT_NAME = "$(TARGET_NAME)";
				SKIP_INSTALL = YES;
				SWIFT_VERSION = 3.0;
			};
			name = Release;
		};
		222B899D1DC7325B0056861C /* Debug */ = {
			isa = XCBuildConfiguration;
			buildSettings = {
				ALWAYS_EMBED_SWIFT_STANDARD_LIBRARIES = YES;
				DEVELOPMENT_TEAM = T65EE75V48;
				INFOPLIST_FILE = AngelFitTests/Info.plist;
				LD_RUNPATH_SEARCH_PATHS = "$(inherited) @executable_path/Frameworks @loader_path/Frameworks";
				PRODUCT_BUNDLE_IDENTIFIER = NotificationTest.AngelFitTests;
				PRODUCT_NAME = "$(TARGET_NAME)";
				SWIFT_VERSION = 3.0;
			};
			name = Debug;
		};
		222B899E1DC7325B0056861C /* Release */ = {
			isa = XCBuildConfiguration;
			buildSettings = {
				ALWAYS_EMBED_SWIFT_STANDARD_LIBRARIES = YES;
				DEVELOPMENT_TEAM = T65EE75V48;
				INFOPLIST_FILE = AngelFitTests/Info.plist;
				LD_RUNPATH_SEARCH_PATHS = "$(inherited) @executable_path/Frameworks @loader_path/Frameworks";
				PRODUCT_BUNDLE_IDENTIFIER = NotificationTest.AngelFitTests;
				PRODUCT_NAME = "$(TARGET_NAME)";
				SWIFT_VERSION = 3.0;
			};
			name = Release;
		};
/* End XCBuildConfiguration section */

/* Begin XCConfigurationList section */
		222B897F1DC7325B0056861C /* Build configuration list for PBXProject "AngelFit" */ = {
			isa = XCConfigurationList;
			buildConfigurations = (
				222B89971DC7325B0056861C /* Debug */,
				222B89981DC7325B0056861C /* Release */,
			);
			defaultConfigurationIsVisible = 0;
			defaultConfigurationName = Release;
		};
		222B89991DC7325B0056861C /* Build configuration list for PBXNativeTarget "AngelFit" */ = {
			isa = XCConfigurationList;
			buildConfigurations = (
				222B899A1DC7325B0056861C /* Debug */,
				222B899B1DC7325B0056861C /* Release */,
			);
			defaultConfigurationIsVisible = 0;
			defaultConfigurationName = Release;
		};
		222B899C1DC7325B0056861C /* Build configuration list for PBXNativeTarget "AngelFitTests" */ = {
			isa = XCConfigurationList;
			buildConfigurations = (
				222B899D1DC7325B0056861C /* Debug */,
				222B899E1DC7325B0056861C /* Release */,
			);
			defaultConfigurationIsVisible = 0;
			defaultConfigurationName = Release;
		};
/* End XCConfigurationList section */

/* Begin XCVersionGroup section */
		32C1033B1DC988130001D415 /* Model.xcdatamodeld */ = {
			isa = XCVersionGroup;
			children = (
				32C1033C1DC988130001D415 /* Model.xcdatamodel */,
			);
			currentVersion = 32C1033C1DC988130001D415 /* Model.xcdatamodel */;
			name = Model.xcdatamodeld;
			path = coredata/Model.xcdatamodeld;
			sourceTree = "<group>";
			versionGroupType = wrapper.xcdatamodel;
		};
/* End XCVersionGroup section */
	};
	rootObject = 222B897C1DC7325B0056861C /* Project object */;
}
